
Microsoft Visual Studio Solution File, Format Version 12.00
# Visual Studio 2012
Project("{FAE04EC0-301F-11D3-BF4B-00C04F79EFBC}") = "test3", "test3\test3.csproj", "{0D2D422C-8DDE-406E-ABA4-9885A4B1066A}"
EndProject
Project("{FAE04EC0-301F-11D3-BF4B-00C04F79EFBC}") = "test3.UITests", "test3.UITests\test3.UITests.csproj", "{24EF3237-AB00-472C-B716-F89D4274A77A}"
EndProject
Global
	GlobalSection(SolutionConfigurationPlatforms) = preSolution
		Debug|iPhoneSimulator = Debug|iPhoneSimulator
		Release|iPhone = Release|iPhone
		Release|iPhoneSimulator = Release|iPhoneSimulator
		Debug|iPhone = Debug|iPhone
		Debug|Any CPU = Debug|Any CPU
		Release|Any CPU = Release|Any CPU
	EndGlobalSection
	GlobalSection(ProjectConfigurationPlatforms) = postSolution
		{0D2D422C-8DDE-406E-ABA4-9885A4B1066A}.Debug|Any CPU.ActiveCfg = Debug|iPhoneSimulator
		{0D2D422C-8DDE-406E-ABA4-9885A4B1066A}.Debug|Any CPU.Build.0 = Debug|iPhoneSimulator
		{0D2D422C-8DDE-406E-ABA4-9885A4B1066A}.Debug|iPhone.ActiveCfg = Debug|iPhone
		{0D2D422C-8DDE-406E-ABA4-9885A4B1066A}.Debug|iPhone.Build.0 = Debug|iPhone
		{0D2D422C-8DDE-406E-ABA4-9885A4B1066A}.Debug|iPhoneSimulator.ActiveCfg = Debug|iPhoneSimulator
		{0D2D422C-8DDE-406E-ABA4-9885A4B1066A}.Debug|iPhoneSimulator.Build.0 = Debug|iPhoneSimulator
		{0D2D422C-8DDE-406E-ABA4-9885A4B1066A}.Release|Any CPU.ActiveCfg = Release|iPhone
		{0D2D422C-8DDE-406E-ABA4-9885A4B1066A}.Release|Any CPU.Build.0 = Release|iPhone
		{0D2D422C-8DDE-406E-ABA4-9885A4B1066A}.Release|iPhone.ActiveCfg = Release|iPhone
		{0D2D422C-8DDE-406E-ABA4-9885A4B1066A}.Release|iPhone.Build.0 = Release|iPhone
		{0D2D422C-8DDE-406E-ABA4-9885A4B1066A}.Release|iPhoneSimulator.ActiveCfg = Release|iPhoneSimulator
		{0D2D422C-8DDE-406E-ABA4-9885A4B1066A}.Release|iPhoneSimulator.Build.0 = Release|iPhoneSimulator
		{24EF3237-AB00-472C-B716-F89D4274A77A}.Debug|Any CPU.ActiveCfg = Debug|Any CPU
		{24EF3237-AB00-472C-B716-F89D4274A77A}.Debug|Any CPU.Build.0 = Debug|Any CPU
		{24EF3237-AB00-472C-B716-F89D4274A77A}.Debug|iPhone.ActiveCfg = Debug|Any CPU
		{24EF3237-AB00-472C-B716-F89D4274A77A}.Debug|iPhone.Build.0 = Debug|Any CPU
		{24EF3237-AB00-472C-B716-F89D4274A77A}.Debug|iPhoneSimulator.ActiveCfg = Debug|Any CPU
		{24EF3237-AB00-472C-B716-F89D4274A77A}.Debug|iPhoneSimulator.Build.0 = Debug|Any CPU
		{24EF3237-AB00-472C-B716-F89D4274A77A}.Release|Any CPU.ActiveCfg = Release|Any CPU
		{24EF3237-AB00-472C-B716-F89D4274A77A}.Release|Any CPU.Build.0 = Release|Any CPU
		{24EF3237-AB00-472C-B716-F89D4274A77A}.Release|iPhone.ActiveCfg = Release|Any CPU
		{24EF3237-AB00-472C-B716-F89D4274A77A}.Release|iPhone.Build.0 = Release|Any CPU
		{24EF3237-AB00-472C-B716-F89D4274A77A}.Release|iPhoneSimulator.ActiveCfg = Release|Any CPU
		{24EF3237-AB00-472C-B716-F89D4274A77A}.Release|iPhoneSimulator.Build.0 = Release|Any CPU
	EndGlobalSection
EndGlobal
